{
    "_readme": [
        "This file locks the dependencies of your project to a known state",
        "Read more about it at https://getcomposer.org/doc/01-basic-usage.md#installing-dependencies",
        "This file is @generated automatically"
    ],
    "content-hash": "ebd6f04ce57a9b553c60a409fc9e3ec4",
    "packages": [
        {
            "name": "cmb2/cmb2",
            "version": "v2.7.0",
            "source": {
                "type": "git",
                "url": "https://github.com/CMB2/CMB2.git",
                "reference": "438c26dda7ac110d0741448d65614b3ec6379034"
            },
            "dist": {
                "type": "zip",
                "url": "https://api.github.com/repos/CMB2/CMB2/zipball/438c26dda7ac110d0741448d65614b3ec6379034",
                "reference": "438c26dda7ac110d0741448d65614b3ec6379034",
                "shasum": ""
            },
            "require": {
                "php": ">5.2.4"
            },
            "require-dev": {
                "apigen/apigen": "4.1.2",
                "nette/utils": "2.5.3",
                "phpunit/phpunit": "6.5.13"
            },
            "suggest": {
                "composer/installers": "~1.0"
            },
            "type": "wordpress-plugin",
            "notification-url": "https://packagist.org/downloads/",
            "license": [
                "GPL-2.0-or-later"
            ],
            "authors": [
                {
                    "name": "Justin Sternberg",
                    "email": "justin@dsgnwrks.pro",
                    "homepage": "https://dsgnwrks.pro",
                    "role": "Developer"
                },
                {
                    "name": "WebDevStudios",
                    "email": "contact@webdevstudios.com",
                    "homepage": "https://github.com/WebDevStudios",
                    "role": "Developer"
                }
            ],
            "description": "CMB2 is a metabox, custom fields, and forms library for WordPress that will blow your mind.",
            "homepage": "https://github.com/CMB2/CMB2",
            "keywords": [
                "metabox",
                "plugin",
                "wordpress"
            ],
            "time": "2020-01-21T17:49:50+00:00"
        },
        {
            "name": "mustardBees/cmb-field-select2",
            "version": "v3.0.3",
            "source": {
                "type": "git",
                "url": "https://github.com/mustardBees/cmb-field-select2.git",
                "reference": "67358fa33f7b949de444562cd6108da122c7d15f"
            },
            "dist": {
                "type": "zip",
                "url": "https://api.github.com/repos/mustardBees/cmb-field-select2/zipball/67358fa33f7b949de444562cd6108da122c7d15f",
                "reference": "67358fa33f7b949de444562cd6108da122c7d15f",
                "shasum": ""
            },
            "type": "wordpress-plugin",
            "license": [
                "GPL-2.0+"
            ],
            "authors": [
                {
                    "name": "Phil Wylie",
                    "homepage": "http://www.philwylie.co.uk/"
                }
            ],
            "description": "Select2 field type for CMB2",
            "homepage": "https://github.com/mustardBees/cmb-field-select2",
            "keywords": [
                "plugin",
                "wordpress"
            ],
            "support": {
                "source": "https://github.com/mustardBees/cmb-field-select2/tree/v3.0.3",
                "issues": "https://github.com/mustardBees/cmb-field-select2/issues"
            },
            "time": "2016-08-25T15:52:11+00:00"
        }
    ],
    "packages-dev": [],
    "aliases": [],
    "minimum-stability": "stable",
    "stability-flags": [],
    "prefer-stable": false,
    "prefer-lowest": false,
    "platform": {
        "php": ">=7.2.5"
    },
    "platform-dev": [],
    "plugin-api-version": "1.1.0"
}
